// !$*UTF8*$!
{
	archiveVersion = 1;
	classes = {
	};
	objectVersion = 56;
	objects = {

/* Begin PBXBuildFile section */
		0DDD23B42B4DE37500B2AE5C /* ClassifierApp.swift in Sources */ = {isa = PBXBuildFile; fileRef = 0DDD23B32B4DE37500B2AE5C /* ClassifierApp.swift */; };
		0DDD23B82B4DE37500B2AE5C /* Assets.xcassets in Resources */ = {isa = PBXBuildFile; fileRef = 0DDD23B72B4DE37500B2AE5C /* Assets.xcassets */; };
		0DDD23BB2B4DE37500B2AE5C /* Preview Assets.xcassets in Resources */ = {isa = PBXBuildFile; fileRef = 0DDD23BA2B4DE37500B2AE5C /* Preview Assets.xcassets */; };
		0DDD240D2B4DEE9700B2AE5C /* ClassifierManager.swift in Sources */ = {isa = PBXBuildFile; fileRef = 0DDD24062B4DEE9700B2AE5C /* ClassifierManager.swift */; };
		0DDD240E2B4DEE9700B2AE5C /* CameraControlsView.swift in Sources */ = {isa = PBXBuildFile; fileRef = 0DDD24072B4DEE9700B2AE5C /* CameraControlsView.swift */; };
		0DDD240F2B4DEE9700B2AE5C /* CameraView.swift in Sources */ = {isa = PBXBuildFile; fileRef = 0DDD24082B4DEE9700B2AE5C /* CameraView.swift */; };
		0DDD24102B4DEE9700B2AE5C /* CameraFrameManager.swift in Sources */ = {isa = PBXBuildFile; fileRef = 0DDD24092B4DEE9700B2AE5C /* CameraFrameManager.swift */; };
		0DDD24112B4DEE9700B2AE5C /* ClassifierView.swift in Sources */ = {isa = PBXBuildFile; fileRef = 0DDD240A2B4DEE9700B2AE5C /* ClassifierView.swift */; };
		0DDD24122B4DEE9700B2AE5C /* ClassifierDataLoader.swift in Sources */ = {isa = PBXBuildFile; fileRef = 0DDD240B2B4DEE9700B2AE5C /* ClassifierDataLoader.swift */; };
		0DDD24132B4DEE9700B2AE5C /* CameraDataLoader.swift in Sources */ = {isa = PBXBuildFile; fileRef = 0DDD240C2B4DEE9700B2AE5C /* CameraDataLoader.swift */; };
		0DDD24162B4DEEB400B2AE5C /* AppLogger.swift in Sources */ = {isa = PBXBuildFile; fileRef = 0DDD24142B4DEEB400B2AE5C /* AppLogger.swift */; };
		0DDD24172B4DEEB400B2AE5C /* AppConstants.swift in Sources */ = {isa = PBXBuildFile; fileRef = 0DDD24152B4DEEB400B2AE5C /* AppConstants.swift */; };
		2C3B8D772C011655008FBE71 /* SwiftOpenAI in Frameworks */ = {isa = PBXBuildFile; productRef = 2C3B8D762C011655008FBE71 /* SwiftOpenAI */; };
/* End PBXBuildFile section */

/* Begin PBXFileReference section */
		0DDD23B02B4DE37500B2AE5C /* Classifier.app */ = {isa = PBXFileReference; explicitFileType = wrapper.application; includeInIndex = 0; path = Classifier.app; sourceTree = BUILT_PRODUCTS_DIR; };
		0DDD23B32B4DE37500B2AE5C /* ClassifierApp.swift */ = {isa = PBXFileReference; lastKnownFileType = sourcecode.swift; path = ClassifierApp.swift; sourceTree = "<group>"; };
		0DDD23B72B4DE37500B2AE5C /* Assets.xcassets */ = {isa = PBXFileReference; lastKnownFileType = folder.assetcatalog; path = Assets.xcassets; sourceTree = "<group>"; };
		0DDD23BA2B4DE37500B2AE5C /* Preview Assets.xcassets */ = {isa = PBXFileReference; lastKnownFileType = folder.assetcatalog; path = "Preview Assets.xcassets"; sourceTree = "<group>"; };
		0DDD24062B4DEE9700B2AE5C /* ClassifierManager.swift */ = {isa = PBXFileReference; fileEncoding = 4; lastKnownFileType = sourcecode.swift; path = ClassifierManager.swift; sourceTree = "<group>"; };
		0DDD24072B4DEE9700B2AE5C /* CameraControlsView.swift */ = {isa = PBXFileReference; fileEncoding = 4; lastKnownFileType = sourcecode.swift; path = CameraControlsView.swift; sourceTree = "<group>"; };
		0DDD24082B4DEE9700B2AE5C /* CameraView.swift */ = {isa = PBXFileReference; fileEncoding = 4; lastKnownFileType = sourcecode.swift; path = CameraView.swift; sourceTree = "<group>"; };
		0DDD24092B4DEE9700B2AE5C /* CameraFrameManager.swift */ = {isa = PBXFileReference; fileEncoding = 4; lastKnownFileType = sourcecode.swift; path = CameraFrameManager.swift; sourceTree = "<group>"; };
		0DDD240A2B4DEE9700B2AE5C /* ClassifierView.swift */ = {isa = PBXFileReference; fileEncoding = 4; lastKnownFileType = sourcecode.swift; path = ClassifierView.swift; sourceTree = "<group>"; };
		0DDD240B2B4DEE9700B2AE5C /* ClassifierDataLoader.swift */ = {isa = PBXFileReference; fileEncoding = 4; lastKnownFileType = sourcecode.swift; path = ClassifierDataLoader.swift; sourceTree = "<group>"; };
		0DDD240C2B4DEE9700B2AE5C /* CameraDataLoader.swift */ = {isa = PBXFileReference; fileEncoding = 4; lastKnownFileType = sourcecode.swift; path = CameraDataLoader.swift; sourceTree = "<group>"; };
		0DDD24142B4DEEB400B2AE5C /* AppLogger.swift */ = {isa = PBXFileReference; fileEncoding = 4; lastKnownFileType = sourcecode.swift; path = AppLogger.swift; sourceTree = "<group>"; };
		0DDD24152B4DEEB400B2AE5C /* AppConstants.swift */ = {isa = PBXFileReference; fileEncoding = 4; lastKnownFileType = sourcecode.swift; path = AppConstants.swift; sourceTree = "<group>"; };
/* End PBXFileReference section */

/* Begin PBXFrameworksBuildPhase section */
		0DDD23AD2B4DE37500B2AE5C /* Frameworks */ = {
			isa = PBXFrameworksBuildPhase;
			buildActionMask = 2147483647;
			files = (
				2C3B8D772C011655008FBE71 /* SwiftOpenAI in Frameworks */,
			);
			runOnlyForDeploymentPostprocessing = 0;
		};
/* End PBXFrameworksBuildPhase section */

/* Begin PBXGroup section */
		0DDD23A72B4DE37500B2AE5C = {
			isa = PBXGroup;
			children = (
				0DDD23B22B4DE37500B2AE5C /* Classifier */,
				0DDD23B12B4DE37500B2AE5C /* Products */,
			);
			sourceTree = "<group>";
		};
		0DDD23B12B4DE37500B2AE5C /* Products */ = {
			isa = PBXGroup;
			children = (
				0DDD23B02B4DE37500B2AE5C /* Classifier.app */,
			);
			name = Products;
			sourceTree = "<group>";
		};
		0DDD23B22B4DE37500B2AE5C /* Classifier */ = {
			isa = PBXGroup;
			children = (
				0DDD24152B4DEEB400B2AE5C /* AppConstants.swift */,
				0DDD24142B4DEEB400B2AE5C /* AppLogger.swift */,
				0DDD24072B4DEE9700B2AE5C /* CameraControlsView.swift */,
				0DDD240C2B4DEE9700B2AE5C /* CameraDataLoader.swift */,
				0DDD24092B4DEE9700B2AE5C /* CameraFrameManager.swift */,
				0DDD24082B4DEE9700B2AE5C /* CameraView.swift */,
				0DDD23B32B4DE37500B2AE5C /* ClassifierApp.swift */,
				0DDD240B2B4DEE9700B2AE5C /* ClassifierDataLoader.swift */,
				0DDD24062B4DEE9700B2AE5C /* ClassifierManager.swift */,
				0DDD240A2B4DEE9700B2AE5C /* ClassifierView.swift */,
				0DDD23B72B4DE37500B2AE5C /* Assets.xcassets */,
				0DDD23B92B4DE37500B2AE5C /* Preview Content */,
			);
			path = Classifier;
			sourceTree = "<group>";
		};
		0DDD23B92B4DE37500B2AE5C /* Preview Content */ = {
			isa = PBXGroup;
			children = (
				0DDD23BA2B4DE37500B2AE5C /* Preview Assets.xcassets */,
			);
			path = "Preview Content";
			sourceTree = "<group>";
		};
/* End PBXGroup section */

/* Begin PBXNativeTarget section */
		0DDD23AF2B4DE37500B2AE5C /* Classifier */ = {
			isa = PBXNativeTarget;
			buildConfigurationList = 0DDD23BE2B4DE37500B2AE5C /* Build configuration list for PBXNativeTarget "Classifier" */;
			buildPhases = (
				0DDD23AC2B4DE37500B2AE5C /* Sources */,
				0DDD23AD2B4DE37500B2AE5C /* Frameworks */,
				0DDD23AE2B4DE37500B2AE5C /* Resources */,
			);
			buildRules = (
			);
			dependencies = (
			);
			name = Classifier;
			packageProductDependencies = (
				2C3B8D762C011655008FBE71 /* SwiftOpenAI */,
			);
			productName = Classifier;
			productReference = 0DDD23B02B4DE37500B2AE5C /* Classifier.app */;
			productType = "com.apple.product-type.application";
		};
/* End PBXNativeTarget section */

/* Begin PBXProject section */
		0DDD23A82B4DE37500B2AE5C /* Project object */ = {
			isa = PBXProject;
			attributes = {
				BuildIndependentTargetsInParallel = 1;
				LastSwiftUpdateCheck = 1510;
				LastUpgradeCheck = 1510;
				TargetAttributes = {
					0DDD23AF2B4DE37500B2AE5C = {
						CreatedOnToolsVersion = 15.1;
					};
				};
			};
			buildConfigurationList = 0DDD23AB2B4DE37500B2AE5C /* Build configuration list for PBXProject "Classifier" */;
			compatibilityVersion = "Xcode 14.0";
			developmentRegion = en;
			hasScannedForEncodings = 0;
			knownRegions = (
				en,
				Base,
			);
			mainGroup = 0DDD23A72B4DE37500B2AE5C;
			packageReferences = (
				2C3B8D752C011655008FBE71 /* XCRemoteSwiftPackageReference "SwiftOpenAI" */,
			);
			productRefGroup = 0DDD23B12B4DE37500B2AE5C /* Products */;
			projectDirPath = "";
			projectRoot = "";
			targets = (
				0DDD23AF2B4DE37500B2AE5C /* Classifier */,
			);
		};
/* End PBXProject section */

/* Begin PBXResourcesBuildPhase section */
		0DDD23AE2B4DE37500B2AE5C /* Resources */ = {
			isa = PBXResourcesBuildPhase;
			buildActionMask = 2147483647;
			files = (
				0DDD23BB2B4DE37500B2AE5C /* Preview Assets.xcassets in Resources */,
				0DDD23B82B4DE37500B2AE5C /* Assets.xcassets in Resources */,
			);
			runOnlyForDeploymentPostprocessing = 0;
		};
/* End PBXResourcesBuildPhase section */

/* Begin PBXSourcesBuildPhase section */
		0DDD23AC2B4DE37500B2AE5C /* Sources */ = {
			isa = PBXSourcesBuildPhase;
			buildActionMask = 2147483647;
			files = (
				0DDD24112B4DEE9700B2AE5C /* ClassifierView.swift in Sources */,
				0DDD23B42B4DE37500B2AE5C /* ClassifierApp.swift in Sources */,
				0DDD24102B4DEE9700B2AE5C /* CameraFrameManager.swift in Sources */,
				0DDD240D2B4DEE9700B2AE5C /* ClassifierManager.swift in Sources */,
				0DDD24132B4DEE9700B2AE5C /* CameraDataLoader.swift in Sources */,
				0DDD24122B4DEE9700B2AE5C /* ClassifierDataLoader.swift in Sources */,
				0DDD24162B4DEEB400B2AE5C /* AppLogger.swift in Sources */,
				0DDD240E2B4DEE9700B2AE5C /* CameraControlsView.swift in Sources */,
				0DDD240F2B4DEE9700B2AE5C /* CameraView.swift in Sources */,
				0DDD24172B4DEEB400B2AE5C /* AppConstants.swift in Sources */,
			);
			runOnlyForDeploymentPostprocessing = 0;
		};
/* End PBXSourcesBuildPhase section */

/* Begin XCBuildConfiguration section */
		0DDD23BC2B4DE37500B2AE5C /* Debug */ = {
			isa = XCBuildConfiguration;
			buildSettings = {
				ALWAYS_SEARCH_USER_PATHS = NO;
				ASSETCATALOG_COMPILER_GENERATE_SWIFT_ASSET_SYMBOL_EXTENSIONS = YES;
				CLANG_ANALYZER_NONNULL = YES;
				CLANG_ANALYZER_NUMBER_OBJECT_CONVERSION = YES_AGGRESSIVE;
				CLANG_CXX_LANGUAGE_STANDARD = "gnu++20";
				CLANG_ENABLE_MODULES = YES;
				CLANG_ENABLE_OBJC_ARC = YES;
				CLANG_ENABLE_OBJC_WEAK = YES;
				CLANG_WARN_BLOCK_CAPTURE_AUTORELEASING = YES;
				CLANG_WARN_BOOL_CONVERSION = YES;
				CLANG_WARN_COMMA = YES;
				CLANG_WARN_CONSTANT_CONVERSION = YES;
				CLANG_WARN_DEPRECATED_OBJC_IMPLEMENTATIONS = YES;
				CLANG_WARN_DIRECT_OBJC_ISA_USAGE = YES_ERROR;
				CLANG_WARN_DOCUMENTATION_COMMENTS = YES;
				CLANG_WARN_EMPTY_BODY = YES;
				CLANG_WARN_ENUM_CONVERSION = YES;
				CLANG_WARN_INFINITE_RECURSION = YES;
				CLANG_WARN_INT_CONVERSION = YES;
				CLANG_WARN_NON_LITERAL_NULL_CONVERSION = YES;
				CLANG_WARN_OBJC_IMPLICIT_RETAIN_SELF = YES;
				CLANG_WARN_OBJC_LITERAL_CONVERSION = YES;
				CLANG_WARN_OBJC_ROOT_CLASS = YES_ERROR;
				CLANG_WARN_QUOTED_INCLUDE_IN_FRAMEWORK_HEADER = YES;
				CLANG_WARN_RANGE_LOOP_ANALYSIS = YES;
				CLANG_WARN_STRICT_PROTOTYPES = YES;
				CLANG_WARN_SUSPICIOUS_MOVE = YES;
				CLANG_WARN_UNGUARDED_AVAILABILITY = YES_AGGRESSIVE;
				CLANG_WARN_UNREACHABLE_CODE = YES;
				CLANG_WARN__DUPLICATE_METHOD_MATCH = YES;
				COPY_PHASE_STRIP = NO;
				DEBUG_INFORMATION_FORMAT = dwarf;
				ENABLE_STRICT_OBJC_MSGSEND = YES;
				ENABLE_TESTABILITY = YES;
				ENABLE_USER_SCRIPT_SANDBOXING = YES;
				GCC_C_LANGUAGE_STANDARD = gnu17;
				GCC_DYNAMIC_NO_PIC = NO;
				GCC_NO_COMMON_BLOCKS = YES;
				GCC_OPTIMIZATION_LEVEL = 0;
				GCC_PREPROCESSOR_DEFINITIONS = (
					"DEBUG=1",
					"$(inherited)",
				);
				GCC_WARN_64_TO_32_BIT_CONVERSION = YES;
				GCC_WARN_ABOUT_RETURN_TYPE = YES_ERROR;
				GCC_WARN_UNDECLARED_SELECTOR = YES;
				GCC_WARN_UNINITIALIZED_AUTOS = YES_AGGRESSIVE;
				GCC_WARN_UNUSED_FUNCTION = YES;
				GCC_WARN_UNUSED_VARIABLE = YES;
				IPHONEOS_DEPLOYMENT_TARGET = 17.2;
				LOCALIZATION_PREFERS_STRING_CATALOGS = YES;
				MTL_ENABLE_DEBUG_INFO = INCLUDE_SOURCE;
				MTL_FAST_MATH = YES;
				ONLY_ACTIVE_ARCH = YES;
				SDKROOT = iphoneos;
				SWIFT_ACTIVE_COMPILATION_CONDITIONS = "DEBUG $(inherited)";
				SWIFT_OPTIMIZATION_LEVEL = "-Onone";
			};
			name = Debug;
		};
		0DDD23BD2B4DE37500B2AE5C /* Release */ = {
			isa = XCBuildConfiguration;
			buildSettings = {
				ALWAYS_SEARCH_USER_PATHS = NO;
				ASSETCATALOG_COMPILER_GENERATE_SWIFT_ASSET_SYMBOL_EXTENSIONS = YES;
				CLANG_ANALYZER_NONNULL = YES;
				CLANG_ANALYZER_NUMBER_OBJECT_CONVERSION = YES_AGGRESSIVE;
				CLANG_CXX_LANGUAGE_STANDARD = "gnu++20";
				CLANG_ENABLE_MODULES = YES;
				CLANG_ENABLE_OBJC_ARC = YES;
				CLANG_ENABLE_OBJC_WEAK = YES;
				CLANG_WARN_BLOCK_CAPTURE_AUTORELEASING = YES;
				CLANG_WARN_BOOL_CONVERSION = YES;
				CLANG_WARN_COMMA = YES;
				CLANG_WARN_CONSTANT_CONVERSION = YES;
				CLANG_WARN_DEPRECATED_OBJC_IMPLEMENTATIONS = YES;
				CLANG_WARN_DIRECT_OBJC_ISA_USAGE = YES_ERROR;
				CLANG_WARN_DOCUMENTATION_COMMENTS = YES;
				CLANG_WARN_EMPTY_BODY = YES;
				CLANG_WARN_ENUM_CONVERSION = YES;
				CLANG_WARN_INFINITE_RECURSION = YES;
				CLANG_WARN_INT_CONVERSION = YES;
				CLANG_WARN_NON_LITERAL_NULL_CONVERSION = YES;
				CLANG_WARN_OBJC_IMPLICIT_RETAIN_SELF = YES;
				CLANG_WARN_OBJC_LITERAL_CONVERSION = YES;
				CLANG_WARN_OBJC_ROOT_CLASS = YES_ERROR;
				CLANG_WARN_QUOTED_INCLUDE_IN_FRAMEWORK_HEADER = YES;
				CLANG_WARN_RANGE_LOOP_ANALYSIS = YES;
				CLANG_WARN_STRICT_PROTOTYPES = YES;
				CLANG_WARN_SUSPICIOUS_MOVE = YES;
				CLANG_WARN_UNGUARDED_AVAILABILITY = YES_AGGRESSIVE;
				CLANG_WARN_UNREACHABLE_CODE = YES;
				CLANG_WARN__DUPLICATE_METHOD_MATCH = YES;
				COPY_PHASE_STRIP = NO;
				DEBUG_INFORMATION_FORMAT = "dwarf-with-dsym";
				ENABLE_NS_ASSERTIONS = NO;
				ENABLE_STRICT_OBJC_MSGSEND = YES;
				ENABLE_USER_SCRIPT_SANDBOXING = YES;
				GCC_C_LANGUAGE_STANDARD = gnu17;
				GCC_NO_COMMON_BLOCKS = YES;
				GCC_WARN_64_TO_32_BIT_CONVERSION = YES;
				GCC_WARN_ABOUT_RETURN_TYPE = YES_ERROR;
				GCC_WARN_UNDECLARED_SELECTOR = YES;
				GCC_WARN_UNINITIALIZED_AUTOS = YES_AGGRESSIVE;
				GCC_WARN_UNUSED_FUNCTION = YES;
				GCC_WARN_UNUSED_VARIABLE = YES;
				IPHONEOS_DEPLOYMENT_TARGET = 17.2;
				LOCALIZATION_PREFERS_STRING_CATALOGS = YES;
				MTL_ENABLE_DEBUG_INFO = NO;
				MTL_FAST_MATH = YES;
				SDKROOT = iphoneos;
				SWIFT_COMPILATION_MODE = wholemodule;
				VALIDATE_PRODUCT = YES;
			};
			name = Release;
		};
		0DDD23BF2B4DE37500B2AE5C /* Debug */ = {
			isa = XCBuildConfiguration;
			buildSettings = {
				ASSETCATALOG_COMPILER_APPICON_NAME = AppIcon;
				ASSETCATALOG_COMPILER_GLOBAL_ACCENT_COLOR_NAME = AccentColor;
				CODE_SIGN_IDENTITY = "Apple Development";
				CODE_SIGN_STYLE = Automatic;
				CURRENT_PROJECT_VERSION = 1;
				DEVELOPMENT_ASSET_PATHS = "\"Classifier/Preview Content\"";
				DEVELOPMENT_TEAM = 553LMX46SJ;
				ENABLE_PREVIEWS = YES;
				GENERATE_INFOPLIST_FILE = YES;
				INFOPLIST_KEY_NSCameraUsageDescription = "Access to the camera is required to take a photo of your plant";
				INFOPLIST_KEY_UIApplicationSceneManifest_Generation = YES;
				INFOPLIST_KEY_UIApplicationSupportsIndirectInputEvents = YES;
				INFOPLIST_KEY_UILaunchScreen_Generation = YES;
				INFOPLIST_KEY_UISupportedInterfaceOrientations_iPad = "UIInterfaceOrientationPortrait UIInterfaceOrientationPortraitUpsideDown UIInterfaceOrientationLandscapeLeft UIInterfaceOrientationLandscapeRight";
				INFOPLIST_KEY_UISupportedInterfaceOrientations_iPhone = "UIInterfaceOrientationPortrait UIInterfaceOrientationLandscapeLeft UIInterfaceOrientationLandscapeRight";
				LD_RUNPATH_SEARCH_PATHS = (
					"$(inherited)",
					"@executable_path/Frameworks",
				);
				MARKETING_VERSION = 1.0;
				PRODUCT_BUNDLE_IDENTIFIER = com.aiproxy.bootstrap.classifier;
				PRODUCT_NAME = "$(TARGET_NAME)";
				PROVISIONING_PROFILE_SPECIFIER = "";
				SWIFT_EMIT_LOC_STRINGS = YES;
				SWIFT_VERSION = 5.0;
				TARGETED_DEVICE_FAMILY = "1,2";
			};
			name = Debug;
		};
		0DDD23C02B4DE37500B2AE5C /* Release */ = {
			isa = XCBuildConfiguration;
			buildSettings = {
				ASSETCATALOG_COMPILER_APPICON_NAME = AppIcon;
				ASSETCATALOG_COMPILER_GLOBAL_ACCENT_COLOR_NAME = AccentColor;
				CODE_SIGN_IDENTITY = "Apple Development";
				CODE_SIGN_STYLE = Automatic;
				CURRENT_PROJECT_VERSION = 1;
				DEVELOPMENT_ASSET_PATHS = "\"Classifier/Preview Content\"";
				DEVELOPMENT_TEAM = 553LMX46SJ;
				ENABLE_PREVIEWS = YES;
				GENERATE_INFOPLIST_FILE = YES;
				INFOPLIST_KEY_NSCameraUsageDescription = "Access to the camera is required to take a photo of your plant";
				INFOPLIST_KEY_UIApplicationSceneManifest_Generation = YES;
				INFOPLIST_KEY_UIApplicationSupportsIndirectInputEvents = YES;
				INFOPLIST_KEY_UILaunchScreen_Generation = YES;
				INFOPLIST_KEY_UISupportedInterfaceOrientations_iPad = "UIInterfaceOrientationPortrait UIInterfaceOrientationPortraitUpsideDown UIInterfaceOrientationLandscapeLeft UIInterfaceOrientationLandscapeRight";
				INFOPLIST_KEY_UISupportedInterfaceOrientations_iPhone = "UIInterfaceOrientationPortrait UIInterfaceOrientationLandscapeLeft UIInterfaceOrientationLandscapeRight";
				LD_RUNPATH_SEARCH_PATHS = (
					"$(inherited)",
					"@executable_path/Frameworks",
				);
				MARKETING_VERSION = 1.0;
				PRODUCT_BUNDLE_IDENTIFIER = com.aiproxy.bootstrap.classifier;
				PRODUCT_NAME = "$(TARGET_NAME)";
				PROVISIONING_PROFILE_SPECIFIER = "";
				SWIFT_EMIT_LOC_STRINGS = YES;
				SWIFT_VERSION = 5.0;
				TARGETED_DEVICE_FAMILY = "1,2";
			};
			name = Release;
		};
/* End XCBuildConfiguration section */

/* Begin XCConfigurationList section */
		0DDD23AB2B4DE37500B2AE5C /* Build configuration list for PBXProject "Classifier" */ = {
			isa = XCConfigurationList;
			buildConfigurations = (
				0DDD23BC2B4DE37500B2AE5C /* Debug */,
				0DDD23BD2B4DE37500B2AE5C /* Release */,
			);
			defaultConfigurationIsVisible = 0;
			defaultConfigurationName = Release;
		};
		0DDD23BE2B4DE37500B2AE5C /* Build configuration list for PBXNativeTarget "Classifier" */ = {
			isa = XCConfigurationList;
			buildConfigurations = (
				0DDD23BF2B4DE37500B2AE5C /* Debug */,
				0DDD23C02B4DE37500B2AE5C /* Release */,
			);
			defaultConfigurationIsVisible = 0;
			defaultConfigurationName = Release;
		};
/* End XCConfigurationList section */

/* Begin XCRemoteSwiftPackageReference section */
		2C3B8D752C011655008FBE71 /* XCRemoteSwiftPackageReference "SwiftOpenAI" */ = {
			isa = XCRemoteSwiftPackageReference;
			repositoryURL = "https://github.com/jamesrochabrun/SwiftOpenAI";
			requirement = {
				kind = upToNextMajorVersion;
				minimumVersion = 2.0.0;
			};
		};
/* End XCRemoteSwiftPackageReference section */

/* Begin XCSwiftPackageProductDependency section */
		2C3B8D762C011655008FBE71 /* SwiftOpenAI */ = {
			isa = XCSwiftPackageProductDependency;
			package = 2C3B8D752C011655008FBE71 /* XCRemoteSwiftPackageReference "SwiftOpenAI" */;
			productName = SwiftOpenAI;
		};
/* End XCSwiftPackageProductDependency section */
	};
	rootObject = 0DDD23A82B4DE37500B2AE5C /* Project object */;
}
