// !$*UTF8*$!
{
	archiveVersion = 1;
	classes = {
	};
	objectVersion = 56;
	objects = {

/* Begin PBXBuildFile section */
		2CCA22CA2C72D78A0054393E /* AIProxyTogetherAIApp.swift in Sources */ = {isa = PBXBuildFile; fileRef = 2CCA22C92C72D78A0054393E /* AIProxyTogetherAIApp.swift */; };
		2CCA22CC2C72D78A0054393E /* ContentView.swift in Sources */ = {isa = PBXBuildFile; fileRef = 2CCA22CB2C72D78A0054393E /* ContentView.swift */; };
		2CCA22CE2C72D78B0054393E /* Assets.xcassets in Resources */ = {isa = PBXBuildFile; fileRef = 2CCA22CD2C72D78B0054393E /* Assets.xcassets */; };
		2CCA22D12C72D78B0054393E /* Preview Assets.xcassets in Resources */ = {isa = PBXBuildFile; fileRef = 2CCA22D02C72D78B0054393E /* Preview Assets.xcassets */; };
		2CCA22D92C72D7930054393E /* AIProxy in Frameworks */ = {isa = PBXBuildFile; productRef = 2CCA22D82C72D7930054393E /* AIProxy */; };
		2CCA22DB2C72D7AD0054393E /* AppConstants.swift in Sources */ = {isa = PBXBuildFile; fileRef = 2CCA22DA2C72D7AD0054393E /* AppConstants.swift */; };
		2CCA22DD2C72DA570054393E /* ChatView.swift in Sources */ = {isa = PBXBuildFile; fileRef = 2CCA22DC2C72DA570054393E /* ChatView.swift */; };
		2CCA22DF2C72DBB00054393E /* StreamingChatView.swift in Sources */ = {isa = PBXBuildFile; fileRef = 2CCA22DE2C72DBB00054393E /* StreamingChatView.swift */; };
		2CCA22E12C72DDDE0054393E /* JSONResponseView.swift in Sources */ = {isa = PBXBuildFile; fileRef = 2CCA22E02C72DDDE0054393E /* JSONResponseView.swift */; };
/* End PBXBuildFile section */

/* Begin PBXFileReference section */
		2CCA22C62C72D78A0054393E /* AIProxyTogetherAI.app */ = {isa = PBXFileReference; explicitFileType = wrapper.application; includeInIndex = 0; path = AIProxyTogetherAI.app; sourceTree = BUILT_PRODUCTS_DIR; };
		2CCA22C92C72D78A0054393E /* AIProxyTogetherAIApp.swift */ = {isa = PBXFileReference; lastKnownFileType = sourcecode.swift; path = AIProxyTogetherAIApp.swift; sourceTree = "<group>"; };
		2CCA22CB2C72D78A0054393E /* ContentView.swift */ = {isa = PBXFileReference; lastKnownFileType = sourcecode.swift; path = ContentView.swift; sourceTree = "<group>"; };
		2CCA22CD2C72D78B0054393E /* Assets.xcassets */ = {isa = PBXFileReference; lastKnownFileType = folder.assetcatalog; path = Assets.xcassets; sourceTree = "<group>"; };
		2CCA22D02C72D78B0054393E /* Preview Assets.xcassets */ = {isa = PBXFileReference; lastKnownFileType = folder.assetcatalog; path = "Preview Assets.xcassets"; sourceTree = "<group>"; };
		2CCA22DA2C72D7AD0054393E /* AppConstants.swift */ = {isa = PBXFileReference; lastKnownFileType = sourcecode.swift; path = AppConstants.swift; sourceTree = "<group>"; };
		2CCA22DC2C72DA570054393E /* ChatView.swift */ = {isa = PBXFileReference; lastKnownFileType = sourcecode.swift; path = ChatView.swift; sourceTree = "<group>"; };
		2CCA22DE2C72DBB00054393E /* StreamingChatView.swift */ = {isa = PBXFileReference; lastKnownFileType = sourcecode.swift; path = StreamingChatView.swift; sourceTree = "<group>"; };
		2CCA22E02C72DDDE0054393E /* JSONResponseView.swift */ = {isa = PBXFileReference; lastKnownFileType = sourcecode.swift; path = JSONResponseView.swift; sourceTree = "<group>"; };
/* End PBXFileReference section */

/* Begin PBXFrameworksBuildPhase section */
		2CCA22C32C72D78A0054393E /* Frameworks */ = {
			isa = PBXFrameworksBuildPhase;
			buildActionMask = 2147483647;
			files = (
				2CCA22D92C72D7930054393E /* AIProxy in Frameworks */,
			);
			runOnlyForDeploymentPostprocessing = 0;
		};
/* End PBXFrameworksBuildPhase section */

/* Begin PBXGroup section */
		2CCA22BD2C72D78A0054393E = {
			isa = PBXGroup;
			children = (
				2CCA22C82C72D78A0054393E /* AIProxyTogetherAI */,
				2CCA22C72C72D78A0054393E /* Products */,
			);
			sourceTree = "<group>";
		};
		2CCA22C72C72D78A0054393E /* Products */ = {
			isa = PBXGroup;
			children = (
				2CCA22C62C72D78A0054393E /* AIProxyTogetherAI.app */,
			);
			name = Products;
			sourceTree = "<group>";
		};
		2CCA22C82C72D78A0054393E /* AIProxyTogetherAI */ = {
			isa = PBXGroup;
			children = (
				2CCA22C92C72D78A0054393E /* AIProxyTogetherAIApp.swift */,
				2CCA22CB2C72D78A0054393E /* ContentView.swift */,
				2CCA22DC2C72DA570054393E /* ChatView.swift */,
				2CCA22DE2C72DBB00054393E /* StreamingChatView.swift */,
				2CCA22E02C72DDDE0054393E /* JSONResponseView.swift */,
				2CCA22DA2C72D7AD0054393E /* AppConstants.swift */,
				2CCA22CD2C72D78B0054393E /* Assets.xcassets */,
				2CCA22CF2C72D78B0054393E /* Preview Content */,
			);
			path = AIProxyTogetherAI;
			sourceTree = "<group>";
		};
		2CCA22CF2C72D78B0054393E /* Preview Content */ = {
			isa = PBXGroup;
			children = (
				2CCA22D02C72D78B0054393E /* Preview Assets.xcassets */,
			);
			path = "Preview Content";
			sourceTree = "<group>";
		};
/* End PBXGroup section */

/* Begin PBXNativeTarget section */
		2CCA22C52C72D78A0054393E /* AIProxyTogetherAI */ = {
			isa = PBXNativeTarget;
			buildConfigurationList = 2CCA22D42C72D78B0054393E /* Build configuration list for PBXNativeTarget "AIProxyTogetherAI" */;
			buildPhases = (
				2CCA22C22C72D78A0054393E /* Sources */,
				2CCA22C32C72D78A0054393E /* Frameworks */,
				2CCA22C42C72D78A0054393E /* Resources */,
			);
			buildRules = (
			);
			dependencies = (
			);
			name = AIProxyTogetherAI;
			packageProductDependencies = (
				2CCA22D82C72D7930054393E /* AIProxy */,
			);
			productName = AIProxyTogetherAI;
			productReference = 2CCA22C62C72D78A0054393E /* AIProxyTogetherAI.app */;
			productType = "com.apple.product-type.application";
		};
/* End PBXNativeTarget section */

/* Begin PBXProject section */
		2CCA22BE2C72D78A0054393E /* Project object */ = {
			isa = PBXProject;
			attributes = {
				BuildIndependentTargetsInParallel = 1;
				LastSwiftUpdateCheck = 1540;
				LastUpgradeCheck = 1540;
				TargetAttributes = {
					2CCA22C52C72D78A0054393E = {
						CreatedOnToolsVersion = 15.4;
					};
				};
			};
			buildConfigurationList = 2CCA22C12C72D78A0054393E /* Build configuration list for PBXProject "AIProxyTogetherAI" */;
			compatibilityVersion = "Xcode 14.0";
			developmentRegion = en;
			hasScannedForEncodings = 0;
			knownRegions = (
				en,
				Base,
			);
			mainGroup = 2CCA22BD2C72D78A0054393E;
			packageReferences = (
				2CCA22D72C72D7930054393E /* XCRemoteSwiftPackageReference "AIProxySwift" */,
			);
			productRefGroup = 2CCA22C72C72D78A0054393E /* Products */;
			projectDirPath = "";
			projectRoot = "";
			targets = (
				2CCA22C52C72D78A0054393E /* AIProxyTogetherAI */,
			);
		};
/* End PBXProject section */

/* Begin PBXResourcesBuildPhase section */
		2CCA22C42C72D78A0054393E /* Resources */ = {
			isa = PBXResourcesBuildPhase;
			buildActionMask = 2147483647;
			files = (
				2CCA22D12C72D78B0054393E /* Preview Assets.xcassets in Resources */,
				2CCA22CE2C72D78B0054393E /* Assets.xcassets in Resources */,
			);
			runOnlyForDeploymentPostprocessing = 0;
		};
/* End PBXResourcesBuildPhase section */

/* Begin PBXSourcesBuildPhase section */
		2CCA22C22C72D78A0054393E /* Sources */ = {
			isa = PBXSourcesBuildPhase;
			buildActionMask = 2147483647;
			files = (
				2CCA22DD2C72DA570054393E /* ChatView.swift in Sources */,
				2CCA22E12C72DDDE0054393E /* JSONResponseView.swift in Sources */,
				2CCA22CC2C72D78A0054393E /* ContentView.swift in Sources */,
				2CCA22DB2C72D7AD0054393E /* AppConstants.swift in Sources */,
				2CCA22DF2C72DBB00054393E /* StreamingChatView.swift in Sources */,
				2CCA22CA2C72D78A0054393E /* AIProxyTogetherAIApp.swift in Sources */,
			);
			runOnlyForDeploymentPostprocessing = 0;
		};
/* End PBXSourcesBuildPhase section */

/* Begin XCBuildConfiguration section */
		2CCA22D22C72D78B0054393E /* Debug */ = {
			isa = XCBuildConfiguration;
			buildSettings = {
				ALWAYS_SEARCH_USER_PATHS = NO;
				ASSETCATALOG_COMPILER_GENERATE_SWIFT_ASSET_SYMBOL_EXTENSIONS = YES;
				CLANG_ANALYZER_NONNULL = YES;
				CLANG_ANALYZER_NUMBER_OBJECT_CONVERSION = YES_AGGRESSIVE;
				CLANG_CXX_LANGUAGE_STANDARD = "gnu++20";
				CLANG_ENABLE_MODULES = YES;
				CLANG_ENABLE_OBJC_ARC = YES;
				CLANG_ENABLE_OBJC_WEAK = YES;
				CLANG_WARN_BLOCK_CAPTURE_AUTORELEASING = YES;
				CLANG_WARN_BOOL_CONVERSION = YES;
				CLANG_WARN_COMMA = YES;
				CLANG_WARN_CONSTANT_CONVERSION = YES;
				CLANG_WARN_DEPRECATED_OBJC_IMPLEMENTATIONS = YES;
				CLANG_WARN_DIRECT_OBJC_ISA_USAGE = YES_ERROR;
				CLANG_WARN_DOCUMENTATION_COMMENTS = YES;
				CLANG_WARN_EMPTY_BODY = YES;
				CLANG_WARN_ENUM_CONVERSION = YES;
				CLANG_WARN_INFINITE_RECURSION = YES;
				CLANG_WARN_INT_CONVERSION = YES;
				CLANG_WARN_NON_LITERAL_NULL_CONVERSION = YES;
				CLANG_WARN_OBJC_IMPLICIT_RETAIN_SELF = YES;
				CLANG_WARN_OBJC_LITERAL_CONVERSION = YES;
				CLANG_WARN_OBJC_ROOT_CLASS = YES_ERROR;
				CLANG_WARN_QUOTED_INCLUDE_IN_FRAMEWORK_HEADER = YES;
				CLANG_WARN_RANGE_LOOP_ANALYSIS = YES;
				CLANG_WARN_STRICT_PROTOTYPES = YES;
				CLANG_WARN_SUSPICIOUS_MOVE = YES;
				CLANG_WARN_UNGUARDED_AVAILABILITY = YES_AGGRESSIVE;
				CLANG_WARN_UNREACHABLE_CODE = YES;
				CLANG_WARN__DUPLICATE_METHOD_MATCH = YES;
				COPY_PHASE_STRIP = NO;
				DEBUG_INFORMATION_FORMAT = dwarf;
				ENABLE_STRICT_OBJC_MSGSEND = YES;
				ENABLE_TESTABILITY = YES;
				ENABLE_USER_SCRIPT_SANDBOXING = YES;
				GCC_C_LANGUAGE_STANDARD = gnu17;
				GCC_DYNAMIC_NO_PIC = NO;
				GCC_NO_COMMON_BLOCKS = YES;
				GCC_OPTIMIZATION_LEVEL = 0;
				GCC_PREPROCESSOR_DEFINITIONS = (
					"DEBUG=1",
					"$(inherited)",
				);
				GCC_WARN_64_TO_32_BIT_CONVERSION = YES;
				GCC_WARN_ABOUT_RETURN_TYPE = YES_ERROR;
				GCC_WARN_UNDECLARED_SELECTOR = YES;
				GCC_WARN_UNINITIALIZED_AUTOS = YES_AGGRESSIVE;
				GCC_WARN_UNUSED_FUNCTION = YES;
				GCC_WARN_UNUSED_VARIABLE = YES;
				IPHONEOS_DEPLOYMENT_TARGET = 17.5;
				LOCALIZATION_PREFERS_STRING_CATALOGS = YES;
				MTL_ENABLE_DEBUG_INFO = INCLUDE_SOURCE;
				MTL_FAST_MATH = YES;
				ONLY_ACTIVE_ARCH = YES;
				SDKROOT = iphoneos;
				SWIFT_ACTIVE_COMPILATION_CONDITIONS = "DEBUG $(inherited)";
				SWIFT_OPTIMIZATION_LEVEL = "-Onone";
			};
			name = Debug;
		};
		2CCA22D32C72D78B0054393E /* Release */ = {
			isa = XCBuildConfiguration;
			buildSettings = {
				ALWAYS_SEARCH_USER_PATHS = NO;
				ASSETCATALOG_COMPILER_GENERATE_SWIFT_ASSET_SYMBOL_EXTENSIONS = YES;
				CLANG_ANALYZER_NONNULL = YES;
				CLANG_ANALYZER_NUMBER_OBJECT_CONVERSION = YES_AGGRESSIVE;
				CLANG_CXX_LANGUAGE_STANDARD = "gnu++20";
				CLANG_ENABLE_MODULES = YES;
				CLANG_ENABLE_OBJC_ARC = YES;
				CLANG_ENABLE_OBJC_WEAK = YES;
				CLANG_WARN_BLOCK_CAPTURE_AUTORELEASING = YES;
				CLANG_WARN_BOOL_CONVERSION = YES;
				CLANG_WARN_COMMA = YES;
				CLANG_WARN_CONSTANT_CONVERSION = YES;
				CLANG_WARN_DEPRECATED_OBJC_IMPLEMENTATIONS = YES;
				CLANG_WARN_DIRECT_OBJC_ISA_USAGE = YES_ERROR;
				CLANG_WARN_DOCUMENTATION_COMMENTS = YES;
				CLANG_WARN_EMPTY_BODY = YES;
				CLANG_WARN_ENUM_CONVERSION = YES;
				CLANG_WARN_INFINITE_RECURSION = YES;
				CLANG_WARN_INT_CONVERSION = YES;
				CLANG_WARN_NON_LITERAL_NULL_CONVERSION = YES;
				CLANG_WARN_OBJC_IMPLICIT_RETAIN_SELF = YES;
				CLANG_WARN_OBJC_LITERAL_CONVERSION = YES;
				CLANG_WARN_OBJC_ROOT_CLASS = YES_ERROR;
				CLANG_WARN_QUOTED_INCLUDE_IN_FRAMEWORK_HEADER = YES;
				CLANG_WARN_RANGE_LOOP_ANALYSIS = YES;
				CLANG_WARN_STRICT_PROTOTYPES = YES;
				CLANG_WARN_SUSPICIOUS_MOVE = YES;
				CLANG_WARN_UNGUARDED_AVAILABILITY = YES_AGGRESSIVE;
				CLANG_WARN_UNREACHABLE_CODE = YES;
				CLANG_WARN__DUPLICATE_METHOD_MATCH = YES;
				COPY_PHASE_STRIP = NO;
				DEBUG_INFORMATION_FORMAT = "dwarf-with-dsym";
				ENABLE_NS_ASSERTIONS = NO;
				ENABLE_STRICT_OBJC_MSGSEND = YES;
				ENABLE_USER_SCRIPT_SANDBOXING = YES;
				GCC_C_LANGUAGE_STANDARD = gnu17;
				GCC_NO_COMMON_BLOCKS = YES;
				GCC_WARN_64_TO_32_BIT_CONVERSION = YES;
				GCC_WARN_ABOUT_RETURN_TYPE = YES_ERROR;
				GCC_WARN_UNDECLARED_SELECTOR = YES;
				GCC_WARN_UNINITIALIZED_AUTOS = YES_AGGRESSIVE;
				GCC_WARN_UNUSED_FUNCTION = YES;
				GCC_WARN_UNUSED_VARIABLE = YES;
				IPHONEOS_DEPLOYMENT_TARGET = 17.5;
				LOCALIZATION_PREFERS_STRING_CATALOGS = YES;
				MTL_ENABLE_DEBUG_INFO = NO;
				MTL_FAST_MATH = YES;
				SDKROOT = iphoneos;
				SWIFT_COMPILATION_MODE = wholemodule;
				VALIDATE_PRODUCT = YES;
			};
			name = Release;
		};
		2CCA22D52C72D78B0054393E /* Debug */ = {
			isa = XCBuildConfiguration;
			buildSettings = {
				ASSETCATALOG_COMPILER_APPICON_NAME = AppIcon;
				ASSETCATALOG_COMPILER_GLOBAL_ACCENT_COLOR_NAME = AccentColor;
				CODE_SIGN_STYLE = Automatic;
				CURRENT_PROJECT_VERSION = 1;
				DEVELOPMENT_ASSET_PATHS = "\"AIProxyTogetherAI/Preview Content\"";
				DEVELOPMENT_TEAM = 553LMX46SJ;
				ENABLE_PREVIEWS = YES;
				GENERATE_INFOPLIST_FILE = YES;
				INFOPLIST_KEY_UIApplicationSceneManifest_Generation = YES;
				INFOPLIST_KEY_UIApplicationSupportsIndirectInputEvents = YES;
				INFOPLIST_KEY_UILaunchScreen_Generation = YES;
				INFOPLIST_KEY_UISupportedInterfaceOrientations_iPad = "UIInterfaceOrientationPortrait UIInterfaceOrientationPortraitUpsideDown UIInterfaceOrientationLandscapeLeft UIInterfaceOrientationLandscapeRight";
				INFOPLIST_KEY_UISupportedInterfaceOrientations_iPhone = "UIInterfaceOrientationPortrait UIInterfaceOrientationLandscapeLeft UIInterfaceOrientationLandscapeRight";
				LD_RUNPATH_SEARCH_PATHS = (
					"$(inherited)",
					"@executable_path/Frameworks",
				);
				MARKETING_VERSION = 1.0;
				PRODUCT_BUNDLE_IDENTIFIER = com.toddham.AIProxyTogetherAI;
				PRODUCT_NAME = "$(TARGET_NAME)";
				SWIFT_EMIT_LOC_STRINGS = YES;
				SWIFT_VERSION = 5.0;
				TARGETED_DEVICE_FAMILY = "1,2";
			};
			name = Debug;
		};
		2CCA22D62C72D78B0054393E /* Release */ = {
			isa = XCBuildConfiguration;
			buildSettings = {
				ASSETCATALOG_COMPILER_APPICON_NAME = AppIcon;
				ASSETCATALOG_COMPILER_GLOBAL_ACCENT_COLOR_NAME = AccentColor;
				CODE_SIGN_STYLE = Automatic;
				CURRENT_PROJECT_VERSION = 1;
				DEVELOPMENT_ASSET_PATHS = "\"AIProxyTogetherAI/Preview Content\"";
				DEVELOPMENT_TEAM = 553LMX46SJ;
				ENABLE_PREVIEWS = YES;
				GENERATE_INFOPLIST_FILE = YES;
				INFOPLIST_KEY_UIApplicationSceneManifest_Generation = YES;
				INFOPLIST_KEY_UIApplicationSupportsIndirectInputEvents = YES;
				INFOPLIST_KEY_UILaunchScreen_Generation = YES;
				INFOPLIST_KEY_UISupportedInterfaceOrientations_iPad = "UIInterfaceOrientationPortrait UIInterfaceOrientationPortraitUpsideDown UIInterfaceOrientationLandscapeLeft UIInterfaceOrientationLandscapeRight";
				INFOPLIST_KEY_UISupportedInterfaceOrientations_iPhone = "UIInterfaceOrientationPortrait UIInterfaceOrientationLandscapeLeft UIInterfaceOrientationLandscapeRight";
				LD_RUNPATH_SEARCH_PATHS = (
					"$(inherited)",
					"@executable_path/Frameworks",
				);
				MARKETING_VERSION = 1.0;
				PRODUCT_BUNDLE_IDENTIFIER = com.toddham.AIProxyTogetherAI;
				PRODUCT_NAME = "$(TARGET_NAME)";
				SWIFT_EMIT_LOC_STRINGS = YES;
				SWIFT_VERSION = 5.0;
				TARGETED_DEVICE_FAMILY = "1,2";
			};
			name = Release;
		};
/* End XCBuildConfiguration section */

/* Begin XCConfigurationList section */
		2CCA22C12C72D78A0054393E /* Build configuration list for PBXProject "AIProxyTogetherAI" */ = {
			isa = XCConfigurationList;
			buildConfigurations = (
				2CCA22D22C72D78B0054393E /* Debug */,
				2CCA22D32C72D78B0054393E /* Release */,
			);
			defaultConfigurationIsVisible = 0;
			defaultConfigurationName = Release;
		};
		2CCA22D42C72D78B0054393E /* Build configuration list for PBXNativeTarget "AIProxyTogetherAI" */ = {
			isa = XCConfigurationList;
			buildConfigurations = (
				2CCA22D52C72D78B0054393E /* Debug */,
				2CCA22D62C72D78B0054393E /* Release */,
			);
			defaultConfigurationIsVisible = 0;
			defaultConfigurationName = Release;
		};
/* End XCConfigurationList section */

/* Begin XCRemoteSwiftPackageReference section */
		2CCA22D72C72D7930054393E /* XCRemoteSwiftPackageReference "AIProxySwift" */ = {
			isa = XCRemoteSwiftPackageReference;
			repositoryURL = "https://github.com/lzell/AIProxySwift";
			requirement = {
				branch = main;
				kind = branch;
			};
		};
/* End XCRemoteSwiftPackageReference section */

/* Begin XCSwiftPackageProductDependency section */
		2CCA22D82C72D7930054393E /* AIProxy */ = {
			isa = XCSwiftPackageProductDependency;
			package = 2CCA22D72C72D7930054393E /* XCRemoteSwiftPackageReference "AIProxySwift" */;
			productName = AIProxy;
		};
/* End XCSwiftPackageProductDependency section */
	};
	rootObject = 2CCA22BE2C72D78A0054393E /* Project object */;
}
