// !$*UTF8*$!
{
	archiveVersion = 1;
	classes = {
	};
	objectVersion = 56;
	objects = {

/* Begin PBXBuildFile section */
		2C06E1442C20DFDB0024133C /* AIProxyAnthropicApp.swift in Sources */ = {isa = PBXBuildFile; fileRef = 2C06E1432C20DFDB0024133C /* AIProxyAnthropicApp.swift */; };
		2C06E1462C20DFDB0024133C /* ContentView.swift in Sources */ = {isa = PBXBuildFile; fileRef = 2C06E1452C20DFDB0024133C /* ContentView.swift */; };
		2C06E1482C20DFDD0024133C /* Assets.xcassets in Resources */ = {isa = PBXBuildFile; fileRef = 2C06E1472C20DFDD0024133C /* Assets.xcassets */; };
		2C06E14B2C20DFDD0024133C /* Preview Assets.xcassets in Resources */ = {isa = PBXBuildFile; fileRef = 2C06E14A2C20DFDD0024133C /* Preview Assets.xcassets */; };
		2CCB20382C6D13EE003A8B25 /* AppConstants.swift in Sources */ = {isa = PBXBuildFile; fileRef = 2CCB20372C6D13EE003A8B25 /* AppConstants.swift */; };
		2CCB203B2C6D13F4003A8B25 /* AIProxy in Frameworks */ = {isa = PBXBuildFile; productRef = 2CCB203A2C6D13F4003A8B25 /* AIProxy */; };
		2CCB203D2C6D1464003A8B25 /* MessageRequestView.swift in Sources */ = {isa = PBXBuildFile; fileRef = 2CCB203C2C6D1464003A8B25 /* MessageRequestView.swift */; };
		2CCB203F2C6D27D9003A8B25 /* VisionView.swift in Sources */ = {isa = PBXBuildFile; fileRef = 2CCB203E2C6D27D9003A8B25 /* VisionView.swift */; };
		2CCB20412C6D3072003A8B25 /* ToolsView.swift in Sources */ = {isa = PBXBuildFile; fileRef = 2CCB20402C6D3072003A8B25 /* ToolsView.swift */; };
/* End PBXBuildFile section */

/* Begin PBXFileReference section */
		2C06E1402C20DFDB0024133C /* AIProxyAnthropic.app */ = {isa = PBXFileReference; explicitFileType = wrapper.application; includeInIndex = 0; path = AIProxyAnthropic.app; sourceTree = BUILT_PRODUCTS_DIR; };
		2C06E1432C20DFDB0024133C /* AIProxyAnthropicApp.swift */ = {isa = PBXFileReference; lastKnownFileType = sourcecode.swift; path = AIProxyAnthropicApp.swift; sourceTree = "<group>"; };
		2C06E1452C20DFDB0024133C /* ContentView.swift */ = {isa = PBXFileReference; lastKnownFileType = sourcecode.swift; path = ContentView.swift; sourceTree = "<group>"; };
		2C06E1472C20DFDD0024133C /* Assets.xcassets */ = {isa = PBXFileReference; lastKnownFileType = folder.assetcatalog; path = Assets.xcassets; sourceTree = "<group>"; };
		2C06E14A2C20DFDD0024133C /* Preview Assets.xcassets */ = {isa = PBXFileReference; lastKnownFileType = folder.assetcatalog; path = "Preview Assets.xcassets"; sourceTree = "<group>"; };
		2CCB20372C6D13EE003A8B25 /* AppConstants.swift */ = {isa = PBXFileReference; lastKnownFileType = sourcecode.swift; path = AppConstants.swift; sourceTree = "<group>"; };
		2CCB203C2C6D1464003A8B25 /* MessageRequestView.swift */ = {isa = PBXFileReference; lastKnownFileType = sourcecode.swift; path = MessageRequestView.swift; sourceTree = "<group>"; };
		2CCB203E2C6D27D9003A8B25 /* VisionView.swift */ = {isa = PBXFileReference; lastKnownFileType = sourcecode.swift; path = VisionView.swift; sourceTree = "<group>"; };
		2CCB20402C6D3072003A8B25 /* ToolsView.swift */ = {isa = PBXFileReference; lastKnownFileType = sourcecode.swift; path = ToolsView.swift; sourceTree = "<group>"; };
/* End PBXFileReference section */

/* Begin PBXFrameworksBuildPhase section */
		2C06E13D2C20DFDB0024133C /* Frameworks */ = {
			isa = PBXFrameworksBuildPhase;
			buildActionMask = 2147483647;
			files = (
				2CCB203B2C6D13F4003A8B25 /* AIProxy in Frameworks */,
			);
			runOnlyForDeploymentPostprocessing = 0;
		};
/* End PBXFrameworksBuildPhase section */

/* Begin PBXGroup section */
		2C06E1372C20DFDB0024133C = {
			isa = PBXGroup;
			children = (
				2C06E1422C20DFDB0024133C /* AIProxyAnthropic */,
				2C06E1412C20DFDB0024133C /* Products */,
			);
			sourceTree = "<group>";
		};
		2C06E1412C20DFDB0024133C /* Products */ = {
			isa = PBXGroup;
			children = (
				2C06E1402C20DFDB0024133C /* AIProxyAnthropic.app */,
			);
			name = Products;
			sourceTree = "<group>";
		};
		2C06E1422C20DFDB0024133C /* AIProxyAnthropic */ = {
			isa = PBXGroup;
			children = (
				2C06E1432C20DFDB0024133C /* AIProxyAnthropicApp.swift */,
				2C06E1452C20DFDB0024133C /* ContentView.swift */,
				2CCB203C2C6D1464003A8B25 /* MessageRequestView.swift */,
				2CCB203E2C6D27D9003A8B25 /* VisionView.swift */,
				2CCB20402C6D3072003A8B25 /* ToolsView.swift */,
				2CCB20372C6D13EE003A8B25 /* AppConstants.swift */,
				2C06E1472C20DFDD0024133C /* Assets.xcassets */,
				2C06E1492C20DFDD0024133C /* Preview Content */,
			);
			path = AIProxyAnthropic;
			sourceTree = "<group>";
		};
		2C06E1492C20DFDD0024133C /* Preview Content */ = {
			isa = PBXGroup;
			children = (
				2C06E14A2C20DFDD0024133C /* Preview Assets.xcassets */,
			);
			path = "Preview Content";
			sourceTree = "<group>";
		};
/* End PBXGroup section */

/* Begin PBXNativeTarget section */
		2C06E13F2C20DFDB0024133C /* AIProxyAnthropic */ = {
			isa = PBXNativeTarget;
			buildConfigurationList = 2C06E14E2C20DFDD0024133C /* Build configuration list for PBXNativeTarget "AIProxyAnthropic" */;
			buildPhases = (
				2C06E13C2C20DFDB0024133C /* Sources */,
				2C06E13D2C20DFDB0024133C /* Frameworks */,
				2C06E13E2C20DFDB0024133C /* Resources */,
			);
			buildRules = (
			);
			dependencies = (
			);
			name = AIProxyAnthropic;
			packageProductDependencies = (
				2CCB203A2C6D13F4003A8B25 /* AIProxy */,
			);
			productName = AIProxyAnthropic;
			productReference = 2C06E1402C20DFDB0024133C /* AIProxyAnthropic.app */;
			productType = "com.apple.product-type.application";
		};
/* End PBXNativeTarget section */

/* Begin PBXProject section */
		2C06E1382C20DFDB0024133C /* Project object */ = {
			isa = PBXProject;
			attributes = {
				BuildIndependentTargetsInParallel = 1;
				LastSwiftUpdateCheck = 1540;
				LastUpgradeCheck = 1540;
				TargetAttributes = {
					2C06E13F2C20DFDB0024133C = {
						CreatedOnToolsVersion = 15.4;
					};
				};
			};
			buildConfigurationList = 2C06E13B2C20DFDB0024133C /* Build configuration list for PBXProject "AIProxyAnthropic" */;
			compatibilityVersion = "Xcode 14.0";
			developmentRegion = en;
			hasScannedForEncodings = 0;
			knownRegions = (
				en,
				Base,
			);
			mainGroup = 2C06E1372C20DFDB0024133C;
			packageReferences = (
				2CCB20392C6D13F4003A8B25 /* XCRemoteSwiftPackageReference "AIProxySwift" */,
			);
			productRefGroup = 2C06E1412C20DFDB0024133C /* Products */;
			projectDirPath = "";
			projectRoot = "";
			targets = (
				2C06E13F2C20DFDB0024133C /* AIProxyAnthropic */,
			);
		};
/* End PBXProject section */

/* Begin PBXResourcesBuildPhase section */
		2C06E13E2C20DFDB0024133C /* Resources */ = {
			isa = PBXResourcesBuildPhase;
			buildActionMask = 2147483647;
			files = (
				2C06E14B2C20DFDD0024133C /* Preview Assets.xcassets in Resources */,
				2C06E1482C20DFDD0024133C /* Assets.xcassets in Resources */,
			);
			runOnlyForDeploymentPostprocessing = 0;
		};
/* End PBXResourcesBuildPhase section */

/* Begin PBXSourcesBuildPhase section */
		2C06E13C2C20DFDB0024133C /* Sources */ = {
			isa = PBXSourcesBuildPhase;
			buildActionMask = 2147483647;
			files = (
				2CCB20412C6D3072003A8B25 /* ToolsView.swift in Sources */,
				2CCB203D2C6D1464003A8B25 /* MessageRequestView.swift in Sources */,
				2C06E1462C20DFDB0024133C /* ContentView.swift in Sources */,
				2CCB20382C6D13EE003A8B25 /* AppConstants.swift in Sources */,
				2CCB203F2C6D27D9003A8B25 /* VisionView.swift in Sources */,
				2C06E1442C20DFDB0024133C /* AIProxyAnthropicApp.swift in Sources */,
			);
			runOnlyForDeploymentPostprocessing = 0;
		};
/* End PBXSourcesBuildPhase section */

/* Begin XCBuildConfiguration section */
		2C06E14C2C20DFDD0024133C /* Debug */ = {
			isa = XCBuildConfiguration;
			buildSettings = {
				ALWAYS_SEARCH_USER_PATHS = NO;
				ASSETCATALOG_COMPILER_GENERATE_SWIFT_ASSET_SYMBOL_EXTENSIONS = YES;
				CLANG_ANALYZER_NONNULL = YES;
				CLANG_ANALYZER_NUMBER_OBJECT_CONVERSION = YES_AGGRESSIVE;
				CLANG_CXX_LANGUAGE_STANDARD = "gnu++20";
				CLANG_ENABLE_MODULES = YES;
				CLANG_ENABLE_OBJC_ARC = YES;
				CLANG_ENABLE_OBJC_WEAK = YES;
				CLANG_WARN_BLOCK_CAPTURE_AUTORELEASING = YES;
				CLANG_WARN_BOOL_CONVERSION = YES;
				CLANG_WARN_COMMA = YES;
				CLANG_WARN_CONSTANT_CONVERSION = YES;
				CLANG_WARN_DEPRECATED_OBJC_IMPLEMENTATIONS = YES;
				CLANG_WARN_DIRECT_OBJC_ISA_USAGE = YES_ERROR;
				CLANG_WARN_DOCUMENTATION_COMMENTS = YES;
				CLANG_WARN_EMPTY_BODY = YES;
				CLANG_WARN_ENUM_CONVERSION = YES;
				CLANG_WARN_INFINITE_RECURSION = YES;
				CLANG_WARN_INT_CONVERSION = YES;
				CLANG_WARN_NON_LITERAL_NULL_CONVERSION = YES;
				CLANG_WARN_OBJC_IMPLICIT_RETAIN_SELF = YES;
				CLANG_WARN_OBJC_LITERAL_CONVERSION = YES;
				CLANG_WARN_OBJC_ROOT_CLASS = YES_ERROR;
				CLANG_WARN_QUOTED_INCLUDE_IN_FRAMEWORK_HEADER = YES;
				CLANG_WARN_RANGE_LOOP_ANALYSIS = YES;
				CLANG_WARN_STRICT_PROTOTYPES = YES;
				CLANG_WARN_SUSPICIOUS_MOVE = YES;
				CLANG_WARN_UNGUARDED_AVAILABILITY = YES_AGGRESSIVE;
				CLANG_WARN_UNREACHABLE_CODE = YES;
				CLANG_WARN__DUPLICATE_METHOD_MATCH = YES;
				COPY_PHASE_STRIP = NO;
				DEBUG_INFORMATION_FORMAT = dwarf;
				ENABLE_STRICT_OBJC_MSGSEND = YES;
				ENABLE_TESTABILITY = YES;
				ENABLE_USER_SCRIPT_SANDBOXING = YES;
				GCC_C_LANGUAGE_STANDARD = gnu17;
				GCC_DYNAMIC_NO_PIC = NO;
				GCC_NO_COMMON_BLOCKS = YES;
				GCC_OPTIMIZATION_LEVEL = 0;
				GCC_PREPROCESSOR_DEFINITIONS = (
					"DEBUG=1",
					"$(inherited)",
				);
				GCC_WARN_64_TO_32_BIT_CONVERSION = YES;
				GCC_WARN_ABOUT_RETURN_TYPE = YES_ERROR;
				GCC_WARN_UNDECLARED_SELECTOR = YES;
				GCC_WARN_UNINITIALIZED_AUTOS = YES_AGGRESSIVE;
				GCC_WARN_UNUSED_FUNCTION = YES;
				GCC_WARN_UNUSED_VARIABLE = YES;
				IPHONEOS_DEPLOYMENT_TARGET = 17.5;
				LOCALIZATION_PREFERS_STRING_CATALOGS = YES;
				MTL_ENABLE_DEBUG_INFO = INCLUDE_SOURCE;
				MTL_FAST_MATH = YES;
				ONLY_ACTIVE_ARCH = YES;
				SDKROOT = iphoneos;
				SWIFT_ACTIVE_COMPILATION_CONDITIONS = "DEBUG $(inherited)";
				SWIFT_OPTIMIZATION_LEVEL = "-Onone";
			};
			name = Debug;
		};
		2C06E14D2C20DFDD0024133C /* Release */ = {
			isa = XCBuildConfiguration;
			buildSettings = {
				ALWAYS_SEARCH_USER_PATHS = NO;
				ASSETCATALOG_COMPILER_GENERATE_SWIFT_ASSET_SYMBOL_EXTENSIONS = YES;
				CLANG_ANALYZER_NONNULL = YES;
				CLANG_ANALYZER_NUMBER_OBJECT_CONVERSION = YES_AGGRESSIVE;
				CLANG_CXX_LANGUAGE_STANDARD = "gnu++20";
				CLANG_ENABLE_MODULES = YES;
				CLANG_ENABLE_OBJC_ARC = YES;
				CLANG_ENABLE_OBJC_WEAK = YES;
				CLANG_WARN_BLOCK_CAPTURE_AUTORELEASING = YES;
				CLANG_WARN_BOOL_CONVERSION = YES;
				CLANG_WARN_COMMA = YES;
				CLANG_WARN_CONSTANT_CONVERSION = YES;
				CLANG_WARN_DEPRECATED_OBJC_IMPLEMENTATIONS = YES;
				CLANG_WARN_DIRECT_OBJC_ISA_USAGE = YES_ERROR;
				CLANG_WARN_DOCUMENTATION_COMMENTS = YES;
				CLANG_WARN_EMPTY_BODY = YES;
				CLANG_WARN_ENUM_CONVERSION = YES;
				CLANG_WARN_INFINITE_RECURSION = YES;
				CLANG_WARN_INT_CONVERSION = YES;
				CLANG_WARN_NON_LITERAL_NULL_CONVERSION = YES;
				CLANG_WARN_OBJC_IMPLICIT_RETAIN_SELF = YES;
				CLANG_WARN_OBJC_LITERAL_CONVERSION = YES;
				CLANG_WARN_OBJC_ROOT_CLASS = YES_ERROR;
				CLANG_WARN_QUOTED_INCLUDE_IN_FRAMEWORK_HEADER = YES;
				CLANG_WARN_RANGE_LOOP_ANALYSIS = YES;
				CLANG_WARN_STRICT_PROTOTYPES = YES;
				CLANG_WARN_SUSPICIOUS_MOVE = YES;
				CLANG_WARN_UNGUARDED_AVAILABILITY = YES_AGGRESSIVE;
				CLANG_WARN_UNREACHABLE_CODE = YES;
				CLANG_WARN__DUPLICATE_METHOD_MATCH = YES;
				COPY_PHASE_STRIP = NO;
				DEBUG_INFORMATION_FORMAT = "dwarf-with-dsym";
				ENABLE_NS_ASSERTIONS = NO;
				ENABLE_STRICT_OBJC_MSGSEND = YES;
				ENABLE_USER_SCRIPT_SANDBOXING = YES;
				GCC_C_LANGUAGE_STANDARD = gnu17;
				GCC_NO_COMMON_BLOCKS = YES;
				GCC_WARN_64_TO_32_BIT_CONVERSION = YES;
				GCC_WARN_ABOUT_RETURN_TYPE = YES_ERROR;
				GCC_WARN_UNDECLARED_SELECTOR = YES;
				GCC_WARN_UNINITIALIZED_AUTOS = YES_AGGRESSIVE;
				GCC_WARN_UNUSED_FUNCTION = YES;
				GCC_WARN_UNUSED_VARIABLE = YES;
				IPHONEOS_DEPLOYMENT_TARGET = 17.5;
				LOCALIZATION_PREFERS_STRING_CATALOGS = YES;
				MTL_ENABLE_DEBUG_INFO = NO;
				MTL_FAST_MATH = YES;
				SDKROOT = iphoneos;
				SWIFT_COMPILATION_MODE = wholemodule;
				VALIDATE_PRODUCT = YES;
			};
			name = Release;
		};
		2C06E14F2C20DFDD0024133C /* Debug */ = {
			isa = XCBuildConfiguration;
			buildSettings = {
				ASSETCATALOG_COMPILER_APPICON_NAME = AppIcon;
				ASSETCATALOG_COMPILER_GLOBAL_ACCENT_COLOR_NAME = AccentColor;
				CODE_SIGN_STYLE = Automatic;
				CURRENT_PROJECT_VERSION = 1;
				DEVELOPMENT_ASSET_PATHS = "\"AIProxyAnthropic/Preview Content\"";
				DEVELOPMENT_TEAM = 553LMX46SJ;
				ENABLE_PREVIEWS = YES;
				GENERATE_INFOPLIST_FILE = YES;
				INFOPLIST_KEY_UIApplicationSceneManifest_Generation = YES;
				INFOPLIST_KEY_UIApplicationSupportsIndirectInputEvents = YES;
				INFOPLIST_KEY_UILaunchScreen_Generation = YES;
				INFOPLIST_KEY_UISupportedInterfaceOrientations_iPad = "UIInterfaceOrientationPortrait UIInterfaceOrientationPortraitUpsideDown UIInterfaceOrientationLandscapeLeft UIInterfaceOrientationLandscapeRight";
				INFOPLIST_KEY_UISupportedInterfaceOrientations_iPhone = "UIInterfaceOrientationPortrait UIInterfaceOrientationLandscapeLeft UIInterfaceOrientationLandscapeRight";
				LD_RUNPATH_SEARCH_PATHS = (
					"$(inherited)",
					"@executable_path/Frameworks",
				);
				MARKETING_VERSION = 1.0;
				PRODUCT_BUNDLE_IDENTIFIER = com.toddham.AIProxySampleApp;
				PRODUCT_NAME = "$(TARGET_NAME)";
				SWIFT_EMIT_LOC_STRINGS = YES;
				SWIFT_VERSION = 5.0;
				TARGETED_DEVICE_FAMILY = "1,2";
			};
			name = Debug;
		};
		2C06E1502C20DFDD0024133C /* Release */ = {
			isa = XCBuildConfiguration;
			buildSettings = {
				ASSETCATALOG_COMPILER_APPICON_NAME = AppIcon;
				ASSETCATALOG_COMPILER_GLOBAL_ACCENT_COLOR_NAME = AccentColor;
				CODE_SIGN_STYLE = Automatic;
				CURRENT_PROJECT_VERSION = 1;
				DEVELOPMENT_ASSET_PATHS = "\"AIProxyAnthropic/Preview Content\"";
				DEVELOPMENT_TEAM = 553LMX46SJ;
				ENABLE_PREVIEWS = YES;
				GENERATE_INFOPLIST_FILE = YES;
				INFOPLIST_KEY_UIApplicationSceneManifest_Generation = YES;
				INFOPLIST_KEY_UIApplicationSupportsIndirectInputEvents = YES;
				INFOPLIST_KEY_UILaunchScreen_Generation = YES;
				INFOPLIST_KEY_UISupportedInterfaceOrientations_iPad = "UIInterfaceOrientationPortrait UIInterfaceOrientationPortraitUpsideDown UIInterfaceOrientationLandscapeLeft UIInterfaceOrientationLandscapeRight";
				INFOPLIST_KEY_UISupportedInterfaceOrientations_iPhone = "UIInterfaceOrientationPortrait UIInterfaceOrientationLandscapeLeft UIInterfaceOrientationLandscapeRight";
				LD_RUNPATH_SEARCH_PATHS = (
					"$(inherited)",
					"@executable_path/Frameworks",
				);
				MARKETING_VERSION = 1.0;
				PRODUCT_BUNDLE_IDENTIFIER = com.toddham.AIProxySampleApp;
				PRODUCT_NAME = "$(TARGET_NAME)";
				SWIFT_EMIT_LOC_STRINGS = YES;
				SWIFT_VERSION = 5.0;
				TARGETED_DEVICE_FAMILY = "1,2";
			};
			name = Release;
		};
/* End XCBuildConfiguration section */

/* Begin XCConfigurationList section */
		2C06E13B2C20DFDB0024133C /* Build configuration list for PBXProject "AIProxyAnthropic" */ = {
			isa = XCConfigurationList;
			buildConfigurations = (
				2C06E14C2C20DFDD0024133C /* Debug */,
				2C06E14D2C20DFDD0024133C /* Release */,
			);
			defaultConfigurationIsVisible = 0;
			defaultConfigurationName = Release;
		};
		2C06E14E2C20DFDD0024133C /* Build configuration list for PBXNativeTarget "AIProxyAnthropic" */ = {
			isa = XCConfigurationList;
			buildConfigurations = (
				2C06E14F2C20DFDD0024133C /* Debug */,
				2C06E1502C20DFDD0024133C /* Release */,
			);
			defaultConfigurationIsVisible = 0;
			defaultConfigurationName = Release;
		};
/* End XCConfigurationList section */

/* Begin XCRemoteSwiftPackageReference section */
		2CCB20392C6D13F4003A8B25 /* XCRemoteSwiftPackageReference "AIProxySwift" */ = {
			isa = XCRemoteSwiftPackageReference;
			repositoryURL = "https://github.com/lzell/AIProxySwift";
			requirement = {
				branch = main;
				kind = branch;
			};
		};
/* End XCRemoteSwiftPackageReference section */

/* Begin XCSwiftPackageProductDependency section */
		2CCB203A2C6D13F4003A8B25 /* AIProxy */ = {
			isa = XCSwiftPackageProductDependency;
			package = 2CCB20392C6D13F4003A8B25 /* XCRemoteSwiftPackageReference "AIProxySwift" */;
			productName = AIProxy;
		};
/* End XCSwiftPackageProductDependency section */
	};
	rootObject = 2C06E1382C20DFDB0024133C /* Project object */;
}
